<?xml version="1.0" encoding="utf-8"?>
<Project ToolsVersion="4.0" xmlns="http://schemas.microsoft.com/developer/msbuild/2003">
  <ItemGroup>
    <Filter Include="Header Files">
      <UniqueIdentifier>{93995380-89BD-4b04-88EB-625FBE52EBFB}</UniqueIdentifier>
      <Extensions>h;hh;hpp;hxx;hm;inl;inc;xsd</Extensions>
    </Filter>
    <Filter Include="Menu">
      <UniqueIdentifier>{2a12d025-c2ec-49af-84af-2c26d0618e38}</UniqueIdentifier>
    </Filter>
    <Filter Include="Source Files">
      <UniqueIdentifier>{4FC737F1-C7A5-4376-A066-2A32D752A2FF}</UniqueIdentifier>
      <Extensions>cpp;c;cc;cxx;def;odl;idl;hpj;bat;asm;asmx</Extensions>
    </Filter>
  </ItemGroup>
  <ItemGroup>
    <ClInclude Include="targetver.h">
      <Filter>Header Files</Filter>
    </ClInclude>
    <ClInclude Include="stdafx.h">
      <Filter>Header Files</Filter>
    </ClInclude>
    <ClInclude Include="types.h">
      <Filter>Header Files</Filter>
    </ClInclude>
    <ClInclude Include="nativeCaller.h">
      <Filter>Header Files</Filter>
    </ClInclude>
    <ClInclude Include="Memory.h">
      <Filter>Header Files</Filter>
    </ClInclude>
    <ClInclude Include="NativeInvoker.h">
      <Filter>Header Files</Filter>
    </ClInclude>
    <ClInclude Include="CrossMapping.h">
      <Filter>Header Files</Filter>
    </ClInclude>
    <ClInclude Include="InputHook.h">
      <Filter>Header Files</Filter>
    </ClInclude>
    <ClInclude Include="keyboard.h">
      <Filter>Header Files</Filter>
    </ClInclude>
    <ClInclude Include="Script.h">
      <Filter>Menu</Filter>
    </ClInclude>
    <ClInclude Include="UserInterface.h">
      <Filter>Menu</Filter>
    </ClInclude>
    <ClInclude Include="Hooking.h">
      <Filter>Header Files</Filter>
    </ClInclude>
    <ClInclude Include="natives.h">
      <Filter>Header Files</Filter>
    </ClInclude>
    <ClInclude Include="Logger.h">
      <Filter>Header Files</Filter>
    </ClInclude>
    <ClInclude Include="enums.h">
      <Filter>Header Files</Filter>
    </ClInclude>
    <ClInclude Include="globalHandle.h">
      <Filter>Header Files</Filter>
    </ClInclude>
  </ItemGroup>
  <ItemGroup>
    <ClCompile Include="stdafx.cpp">
      <Filter>Source Files</Filter>
    </ClCompile>
    <ClCompile Include="dllmain.cpp">
      <Filter>Source Files</Filter>
    </ClCompile>
    <ClCompile Include="Memory.cpp">
      <Filter>Source Files</Filter>
    </ClCompile>
    <ClCompile Include="NativeInvoker.cpp">
      <Filter>Source Files</Filter>
    </ClCompile>
    <ClCompile Include="keyboard.cpp">
      <Filter>Source Files</Filter>
    </ClCompile>
    <ClCompile Include="InputHook.cpp">
      <Filter>Source Files</Filter>
    </ClCompile>
    <ClCompile Include="Script.cpp">
      <Filter>Menu</Filter>
    </ClCompile>
    <ClCompile Include="UserInterface.cpp">
      <Filter>Menu</Filter>
    </ClCompile>
    <ClCompile Include="CrossMapping.cpp">
      <Filter>Source Files</Filter>
    </ClCompile>
    <ClCompile Include="Hooking.cpp">
      <Filter>Source Files</Filter>
    </ClCompile>
  </ItemGroup>
  <ItemGroup>
    <MASM Include="spoof.asm">
      <Filter>Source Files</Filter>
    </MASM>
  </ItemGroup>
</Project>